
Microsoft Visual Studio Solution File, Format Version 12.00
# Visual Studio Version 17
VisualStudioVersion = 17.14.36401.2
MinimumVisualStudioVersion = 10.0.40219.1
Project("{FAE04EC0-301F-11D3-BF4B-00C04F79EFBC}") = "CustodialWallet", "CustodialWallet.csproj", "{2F30F4D6-FA5C-47D3-8EFF-FE934AF8DEB9}"
EndProject
Project("{FAE04EC0-301F-11D3-BF4B-00C04F79EFBC}") = "CustodialWallet.Tests", "CustodialWallet.Tests\CustodialWallet.Tests.csproj", "{655557C2-F7A3-4288-8B60-2EDF1EFDCCFA}"
EndProject
Global
	GlobalSection(SolutionConfigurationPlatforms) = preSolution
		Debug|Any CPU = Debug|Any CPU
		Debug|x64 = Debug|x64
		Debug|x86 = Debug|x86
		Release|Any CPU = Release|Any CPU
		Release|x64 = Release|x64
		Release|x86 = Release|x86
	EndGlobalSection
	GlobalSection(ProjectConfigurationPlatforms) = postSolution
		{2F30F4D6-FA5C-47D3-8EFF-FE934AF8DEB9}.Debug|Any CPU.ActiveCfg = Debug|Any CPU
		{2F30F4D6-FA5C-47D3-8EFF-FE934AF8DEB9}.Debug|Any CPU.Build.0 = Debug|Any CPU
		{2F30F4D6-FA5C-47D3-8EFF-FE934AF8DEB9}.Debug|x64.ActiveCfg = Debug|Any CPU
		{2F30F4D6-FA5C-47D3-8EFF-FE934AF8DEB9}.Debug|x64.Build.0 = Debug|Any CPU
		{2F30F4D6-FA5C-47D3-8EFF-FE934AF8DEB9}.Debug|x86.ActiveCfg = Debug|Any CPU
		{2F30F4D6-FA5C-47D3-8EFF-FE934AF8DEB9}.Debug|x86.Build.0 = Debug|Any CPU
		{2F30F4D6-FA5C-47D3-8EFF-FE934AF8DEB9}.Release|Any CPU.ActiveCfg = Release|Any CPU
		{2F30F4D6-FA5C-47D3-8EFF-FE934AF8DEB9}.Release|Any CPU.Build.0 = Release|Any CPU
		{2F30F4D6-FA5C-47D3-8EFF-FE934AF8DEB9}.Release|x64.ActiveCfg = Release|Any CPU
		{2F30F4D6-FA5C-47D3-8EFF-FE934AF8DEB9}.Release|x64.Build.0 = Release|Any CPU
		{2F30F4D6-FA5C-47D3-8EFF-FE934AF8DEB9}.Release|x86.ActiveCfg = Release|Any CPU
		{2F30F4D6-FA5C-47D3-8EFF-FE934AF8DEB9}.Release|x86.Build.0 = Release|Any CPU
		{655557C2-F7A3-4288-8B60-2EDF1EFDCCFA}.Debug|Any CPU.ActiveCfg = Debug|Any CPU
		{655557C2-F7A3-4288-8B60-2EDF1EFDCCFA}.Debug|Any CPU.Build.0 = Debug|Any CPU
		{655557C2-F7A3-4288-8B60-2EDF1EFDCCFA}.Debug|x64.ActiveCfg = Debug|Any CPU
		{655557C2-F7A3-4288-8B60-2EDF1EFDCCFA}.Debug|x64.Build.0 = Debug|Any CPU
		{655557C2-F7A3-4288-8B60-2EDF1EFDCCFA}.Debug|x86.ActiveCfg = Debug|Any CPU
		{655557C2-F7A3-4288-8B60-2EDF1EFDCCFA}.Debug|x86.Build.0 = Debug|Any CPU
		{655557C2-F7A3-4288-8B60-2EDF1EFDCCFA}.Release|Any CPU.ActiveCfg = Release|Any CPU
		{655557C2-F7A3-4288-8B60-2EDF1EFDCCFA}.Release|Any CPU.Build.0 = Release|Any CPU
		{655557C2-F7A3-4288-8B60-2EDF1EFDCCFA}.Release|x64.ActiveCfg = Release|Any CPU
		{655557C2-F7A3-4288-8B60-2EDF1EFDCCFA}.Release|x64.Build.0 = Release|Any CPU
		{655557C2-F7A3-4288-8B60-2EDF1EFDCCFA}.Release|x86.ActiveCfg = Release|Any CPU
		{655557C2-F7A3-4288-8B60-2EDF1EFDCCFA}.Release|x86.Build.0 = Release|Any CPU
	EndGlobalSection
	GlobalSection(SolutionProperties) = preSolution
		HideSolutionNode = FALSE
	EndGlobalSection
	GlobalSection(ExtensibilityGlobals) = postSolution
		SolutionGuid = {A660A42D-8772-4E3D-AA7A-49FE2D09BEF0}
	EndGlobalSection
EndGlobal
